
Microsoft Visual Studio Solution File, Format Version 12.00
# Visual Studio 15
VisualStudioVersion = 15.0.26730.16
MinimumVisualStudioVersion = 10.0.40219.1
Project("{FAE04EC0-301F-11D3-BF4B-00C04F79EFBC}") = "SendToGist", "SendToGist\SendToGist.csproj", "{224BB85B-9D5B-47C0-8517-F2A1A1113168}"
EndProject
Global
	GlobalSection(SolutionConfigurationPlatforms) = preSolution
		Debug|Any CPU = Debug|Any CPU
		Release|Any CPU = Release|Any CPU
	EndGlobalSection
	GlobalSection(ProjectConfigurationPlatforms) = postSolution
		{224BB85B-9D5B-47C0-8517-F2A1A1113168}.Debug|Any CPU.ActiveCfg = Debug|Any CPU
		{224BB85B-9D5B-47C0-8517-F2A1A1113168}.Debug|Any CPU.Build.0 = Debug|Any CPU
		{224BB85B-9D5B-47C0-8517-F2A1A1113168}.Release|Any CPU.ActiveCfg = Release|Any CPU
		{224BB85B-9D5B-47C0-8517-F2A1A1113168}.Release|Any CPU.Build.0 = Release|Any CPU
	EndGlobalSection
	GlobalSection(SolutionProperties) = preSolution
		HideSolutionNode = FALSE
	EndGlobalSection
	GlobalSection(ExtensibilityGlobals) = postSolution
		SolutionGuid = {E0549090-63C3-4EF6-917B-C87A9429E543}
	EndGlobalSection
EndGlobal
